
Microsoft Visual Studio Solution File, Format Version 12.00
# Visual Studio Version 17
VisualStudioVersion = 17.1.32328.378
MinimumVisualStudioVersion = 10.0.40219.1
Project("{9A19103F-16F7-4668-BE54-9A1E7A4F7556}") = "DrawABoxPracticeSelector.Core", "DrawABoxPracticeSelector.Core\DrawABoxPracticeSelector.Core.csproj", "{ADBA89D8-2FF7-4460-A2E9-C4A086402D57}"
EndProject
Project("{9A19103F-16F7-4668-BE54-9A1E7A4F7556}") = "DrawABoxPracticeSelector.Infrastructure", "DrawABoxPracticeSelector.Infrastructure\DrawABoxPracticeSelector.Infrastructure.csproj", "{1CAF3D3A-3040-4DC6-878E-F2120798F38F}"
EndProject
Project("{9A19103F-16F7-4668-BE54-9A1E7A4F7556}") = "DrawABoxPracticeSelector.Presentation", "DrawABoxPracticeSelector.Presentation\DrawABoxPracticeSelector.Presentation.csproj", "{576F17DD-429F-43EA-AC7C-CFBE540AA977}"
EndProject
Global
	GlobalSection(SolutionConfigurationPlatforms) = preSolution
		Debug|Any CPU = Debug|Any CPU
		Release|Any CPU = Release|Any CPU
	EndGlobalSection
	GlobalSection(ProjectConfigurationPlatforms) = postSolution
		{ADBA89D8-2FF7-4460-A2E9-C4A086402D57}.Debug|Any CPU.ActiveCfg = Debug|Any CPU
		{ADBA89D8-2FF7-4460-A2E9-C4A086402D57}.Debug|Any CPU.Build.0 = Debug|Any CPU
		{ADBA89D8-2FF7-4460-A2E9-C4A086402D57}.Release|Any CPU.ActiveCfg = Release|Any CPU
		{ADBA89D8-2FF7-4460-A2E9-C4A086402D57}.Release|Any CPU.Build.0 = Release|Any CPU
		{1CAF3D3A-3040-4DC6-878E-F2120798F38F}.Debug|Any CPU.ActiveCfg = Debug|Any CPU
		{1CAF3D3A-3040-4DC6-878E-F2120798F38F}.Debug|Any CPU.Build.0 = Debug|Any CPU
		{1CAF3D3A-3040-4DC6-878E-F2120798F38F}.Release|Any CPU.ActiveCfg = Release|Any CPU
		{1CAF3D3A-3040-4DC6-878E-F2120798F38F}.Release|Any CPU.Build.0 = Release|Any CPU
		{576F17DD-429F-43EA-AC7C-CFBE540AA977}.Debug|Any CPU.ActiveCfg = Debug|Any CPU
		{576F17DD-429F-43EA-AC7C-CFBE540AA977}.Debug|Any CPU.Build.0 = Debug|Any CPU
		{576F17DD-429F-43EA-AC7C-CFBE540AA977}.Release|Any CPU.ActiveCfg = Release|Any CPU
		{576F17DD-429F-43EA-AC7C-CFBE540AA977}.Release|Any CPU.Build.0 = Release|Any CPU
	EndGlobalSection
	GlobalSection(SolutionProperties) = preSolution
		HideSolutionNode = FALSE
	EndGlobalSection
	GlobalSection(ExtensibilityGlobals) = postSolution
		SolutionGuid = {F6E5572E-5CB4-4193-8BA6-45D76CA77BE8}
	EndGlobalSection
EndGlobal
